# THIS IS AN AUTOGENERATED FILE. DO NOT EDIT THIS FILE DIRECTLY.
# yarn lockfile v1


"@fortawesome/vue-fontawesome@^3.0.0-5":
  version "3.0.0-5"
  resolved "https://registry.yarnpkg.com/@fortawesome/vue-fontawesome/-/vue-fontawesome-3.0.0-5.tgz#6251e6917198362fa56510eb256cfb6aa6d30a32"
  integrity sha512-aNmBT4bOecrFsZTog1l6AJDQHPP3ocXV+WQ3Ogy8WZCqstB/ahfhH4CPu5i4N9Hw0MBKXqE+LX+NbUxcj8cVTw==

underscore@^1.6.0:
  version "1.13.3"
  resolved "https://registry.yarnpkg.com/underscore/-/underscore-1.13.3.tgz#54bc95f7648c5557897e5e968d0f76bc062c34ee"
  integrity sha512-QvjkYpiD+dJJraRA8+dGAU4i7aBbb2s0S3jA45TFOvg2VgqvdCDd/3N6CqA8gluk1W91GLoXg5enMUx560QzuA==

version-sort@^0.1.1:
  version "0.1.1"
  resolved "https://registry.yarnpkg.com/version-sort/-/version-sort-0.1.1.tgz#b3c937000555ed03d312a2d42def65948265b08b"
  integrity sha1-s8k3AAVV7QPTEqLULe9llIJlsIs=
  dependencies:
    underscore "^1.6.0"

windows-elevate@^1.0.1:
  version "1.0.1"
  resolved "https://registry.yarnpkg.com/windows-elevate/-/windows-elevate-1.0.1.tgz#90112daf8730a10f6518a3c7e59f7561c6725d64"
  integrity sha1-kBEtr4cwoQ9lGKPH5Z91YcZyXWQ=

zxp-provider@^2.0.0:
  version "2.0.0"
  resolved "https://registry.yarnpkg.com/zxp-provider/-/zxp-provider-2.0.0.tgz#0556aecccde73416461174de3a975501f9dee3db"
  integrity sha512-ja2YZwDnDrTdq5Q0EebOaHQK5f4tOf5488mKV4sVC/mKyNiXHyJlyKwLWB4SGIrvqqWWkDk/QCfsWms2jTQ/Tw==

zxp-sign-cmd@^2.0.0:
  version "2.0.0"
  resolved "https://registry.yarnpkg.com/zxp-sign-cmd/-/zxp-sign-cmd-2.0.0.tgz#44b29038c4d636fcd9e99249181bbc64abb7b17e"
  integrity sha512-BzWNvp6kSL4RFmxWp8MkVtJ4NIuRq1238W0ojHWLgeAqWMaptFdY8Nh2Uguf7Fka8KyIinrf0+tTgCeGlWPMoA==
  dependencies:
    zxp-provider "^2.0.0"
